
Microsoft Visual Studio Solution File, Format Version 12.00
# Visual Studio Version 17
VisualStudioVersion = 17.8.34525.116
MinimumVisualStudioVersion = 10.0.40219.1
Project("{FAE04EC0-301F-11D3-BF4B-00C04F79EFBC}") = "dockerimage", "dockerimage\dockerimage.csproj", "{554917EC-A53F-48BA-9BBD-A7A3C639FBD2}"
EndProject
Project("{E53339B2-1760-4266-BCC7-CA923CBCF16C}") = "docker-compose", "docker-compose.dcproj", "{32F7EA43-4894-46D4-8756-53291826D8AF}"
EndProject
Global
	GlobalSection(SolutionConfigurationPlatforms) = preSolution
		Debug|Any CPU = Debug|Any CPU
		Release|Any CPU = Release|Any CPU
	EndGlobalSection
	GlobalSection(ProjectConfigurationPlatforms) = postSolution
		{554917EC-A53F-48BA-9BBD-A7A3C639FBD2}.Debug|Any CPU.ActiveCfg = Debug|Any CPU
		{554917EC-A53F-48BA-9BBD-A7A3C639FBD2}.Debug|Any CPU.Build.0 = Debug|Any CPU
		{554917EC-A53F-48BA-9BBD-A7A3C639FBD2}.Release|Any CPU.ActiveCfg = Release|Any CPU
		{554917EC-A53F-48BA-9BBD-A7A3C639FBD2}.Release|Any CPU.Build.0 = Release|Any CPU
		{32F7EA43-4894-46D4-8756-53291826D8AF}.Debug|Any CPU.ActiveCfg = Debug|Any CPU
		{32F7EA43-4894-46D4-8756-53291826D8AF}.Debug|Any CPU.Build.0 = Debug|Any CPU
		{32F7EA43-4894-46D4-8756-53291826D8AF}.Release|Any CPU.ActiveCfg = Release|Any CPU
		{32F7EA43-4894-46D4-8756-53291826D8AF}.Release|Any CPU.Build.0 = Release|Any CPU
	EndGlobalSection
	GlobalSection(SolutionProperties) = preSolution
		HideSolutionNode = FALSE
	EndGlobalSection
	GlobalSection(ExtensibilityGlobals) = postSolution
		SolutionGuid = {7AF90464-9493-42A7-9611-CECAB5A31257}
	EndGlobalSection
EndGlobal
